{
  "name": "gltf-transform-occlusion-vertex",
  "version": "0.0.1",
  "lockfileVersion": 1,
  "requires": true,
  "dependencies": {
    "clone": {
      "version": "1.0.4",
      "resolved": "https://registry.npmjs.org/clone/-/clone-1.0.4.tgz",
      "integrity": "sha1-2jCcwmPfFZlMaIypAheco8fNfH4="
    },
    "defaults": {
      "version": "1.0.3",
      "resolved": "https://registry.npmjs.org/defaults/-/defaults-1.0.3.tgz",
      "integrity": "sha1-xlYFHpgX2f8I7YgUd/P+QBnz730=",
      "requires": {
        "clone": "^1.0.2"
      }
    },
    "geo-3d-transform-mat4": {
      "version": "1.0.0",
      "resolved": "https://registry.npmjs.org/geo-3d-transform-mat4/-/geo-3d-transform-mat4-1.0.0.tgz",
      "integrity": "sha1-O1gftb8LQyFtO3+KtUBofcQnerQ=",
      "requires": {
        "geo-convert-position-format": "^1.0.0",
        "geo-identify-position-format": "^1.0.2",
        "gl-vec3": "^1.0.3"
      }
    },
    "geo-ambient-occlusion": {
      "version": "3.0.2",
      "resolved": "https://registry.npmjs.org/geo-ambient-occlusion/-/geo-ambient-occlusion-3.0.2.tgz",
      "integrity": "sha512-9tKj2tnhRNtTUKUJ0YC4BO3K3jv6Wz7dzy61A9D/+qLZMJeTvZLnxgqDjpmnR5dC3O8yMus92u28h22hOFkSjw==",
      "requires": {
        "defaults": "^1.0.3",
        "geo-3d-transform-mat4": "^1.0.0",
        "geo-center": "^1.0.2",
        "geo-convert-position-format": "^1.0.0",
        "gl-matrix": "^2.4.0",
        "mesh-reindex": "^1.0.0",
        "normals": "^1.1.0",
        "regl": "^1.3.0",
        "snowden": "^1.0.1",
        "vertices-bounding-box": "^1.0.0"
      }
    },
    "geo-center": {
      "version": "1.0.2",
      "resolved": "https://registry.npmjs.org/geo-center/-/geo-center-1.0.2.tgz",
      "integrity": "sha1-nN5R7jP5JtruSOJDOpna7vy0BTA=",
      "requires": {
        "geo-3d-transform-mat4": "^1.0.0",
        "gl-mat4": "^1.1.4",
        "lodash.defaultsdeep": "^3.10.0",
        "vertices-bounding-box": "^1.0.0"
      }
    },
    "geo-convert-position-format": {
      "version": "1.0.0",
      "resolved": "https://registry.npmjs.org/geo-convert-position-format/-/geo-convert-position-format-1.0.0.tgz",
      "integrity": "sha1-P5bXRq/YxhiHJUQWs7PQH93K7dI=",
      "requires": {
        "geo-identify-position-format": "^1.0.1",
        "ndarray": "^1.0.18"
      }
    },
    "geo-identify-position-format": {
      "version": "1.0.2",
      "resolved": "https://registry.npmjs.org/geo-identify-position-format/-/geo-identify-position-format-1.0.2.tgz",
      "integrity": "sha1-eV5Bd8arGMtncL82Px9k0sY6R2s=",
      "requires": {
        "is-typedarray": "^1.0.0",
        "isndarray": "^1.0.0"
      }
    },
    "gl-mat4": {
      "version": "1.2.0",
      "resolved": "https://registry.npmjs.org/gl-mat4/-/gl-mat4-1.2.0.tgz",
      "integrity": "sha512-sT5C0pwB1/e9G9AvAoLsoaJtbMGjfd/jfxo8jMCKqYYEnjZuFvqV5rehqar0538EmssjdDeiEWnKyBSTw7quoA=="
    },
    "gl-matrix": {
      "version": "2.8.1",
      "resolved": "https://registry.npmjs.org/gl-matrix/-/gl-matrix-2.8.1.tgz",
      "integrity": "sha512-0YCjVpE3pS5XWlN3J4X7AiAx65+nqAI54LndtVFnQZB6G/FVLkZH8y8V6R3cIoOQR4pUdfwQGd1iwyoXHJ4Qfw=="
    },
    "gl-vec3": {
      "version": "1.1.3",
      "resolved": "https://registry.npmjs.org/gl-vec3/-/gl-vec3-1.1.3.tgz",
      "integrity": "sha512-jduKUqT0SGH02l8Yl+mV1yVsDfYgQAJyXGxkJQGyxPLHRiW25DwVIRPt6uvhrEMHftJfqhqKthRcyZqNEl9Xdw=="
    },
    "iota-array": {
      "version": "1.0.0",
      "resolved": "https://registry.npmjs.org/iota-array/-/iota-array-1.0.0.tgz",
      "integrity": "sha1-ge9X/l0FgUzVjCSDYyqZwwoOgIc="
    },
    "is-buffer": {
      "version": "1.1.6",
      "resolved": "https://registry.npmjs.org/is-buffer/-/is-buffer-1.1.6.tgz",
      "integrity": "sha512-NcdALwpXkTm5Zvvbk7owOUSvVvBKDgKP5/ewfXEznmQFfs4ZRmanOeKBTjRVjka3QFoN6XJ+9F3USqfHqTaU5w=="
    },
    "is-typedarray": {
      "version": "1.0.0",
      "resolved": "https://registry.npmjs.org/is-typedarray/-/is-typedarray-1.0.0.tgz",
      "integrity": "sha1-5HnICFjfDBsR3dppQPlgEfzaSpo="
    },
    "isndarray": {
      "version": "1.0.0",
      "resolved": "https://registry.npmjs.org/isndarray/-/isndarray-1.0.0.tgz",
      "integrity": "sha1-Z9HQjGG4sA3o8D4jTgMNpwEEAFw="
    },
    "lodash._arraycopy": {
      "version": "3.0.0",
      "resolved": "https://registry.npmjs.org/lodash._arraycopy/-/lodash._arraycopy-3.0.0.tgz",
      "integrity": "sha1-due3wfH7klRzdIeKVi7Qaj5Q9uE="
    },
    "lodash._arrayeach": {
      "version": "3.0.0",
      "resolved": "https://registry.npmjs.org/lodash._arrayeach/-/lodash._arrayeach-3.0.0.tgz",
      "integrity": "sha1-urFWsqkNPxu9XGU0AzSeXlkz754="
    },
    "lodash._basecopy": {
      "version": "3.0.1",
      "resolved": "https://registry.npmjs.org/lodash._basecopy/-/lodash._basecopy-3.0.1.tgz",
      "integrity": "sha1-jaDmqHbPNEwK2KVIghEd08XHyjY="
    },
    "lodash._basefor": {
      "version": "3.0.3",
      "resolved": "https://registry.npmjs.org/lodash._basefor/-/lodash._basefor-3.0.3.tgz",
      "integrity": "sha1-dVC06SGO8J+tJDQ7YSAhx5tMIMI="
    },
    "lodash._bindcallback": {
      "version": "3.0.1",
      "resolved": "https://registry.npmjs.org/lodash._bindcallback/-/lodash._bindcallback-3.0.1.tgz",
      "integrity": "sha1-5THCdkTPi1epnhftlbNcdIeJOS4="
    },
    "lodash._createassigner": {
      "version": "3.1.1",
      "resolved": "https://registry.npmjs.org/lodash._createassigner/-/lodash._createassigner-3.1.1.tgz",
      "integrity": "sha1-g4pbri/aymOsIt7o4Z+k5taXCxE=",
      "requires": {
        "lodash._bindcallback": "^3.0.0",
        "lodash._isiterateecall": "^3.0.0",
        "lodash.restparam": "^3.0.0"
      }
    },
    "lodash._getnative": {
      "version": "3.9.1",
      "resolved": "https://registry.npmjs.org/lodash._getnative/-/lodash._getnative-3.9.1.tgz",
      "integrity": "sha1-VwvH3t5G1hzc3mh9ZdPuy6o6r/U="
    },
    "lodash._isiterateecall": {
      "version": "3.0.9",
      "resolved": "https://registry.npmjs.org/lodash._isiterateecall/-/lodash._isiterateecall-3.0.9.tgz",
      "integrity": "sha1-UgOte6Ql+uhCRg5pbbnPPmqsBXw="
    },
    "lodash.defaultsdeep": {
      "version": "3.10.0",
      "resolved": "https://registry.npmjs.org/lodash.defaultsdeep/-/lodash.defaultsdeep-3.10.0.tgz",
      "integrity": "sha1-aJ3RfijaiBeJ19Rb2rErvT+jBNQ=",
      "requires": {
        "lodash.merge": "^3.0.0",
        "lodash.restparam": "^3.0.0"
      }
    },
    "lodash.isarguments": {
      "version": "3.1.0",
      "resolved": "https://registry.npmjs.org/lodash.isarguments/-/lodash.isarguments-3.1.0.tgz",
      "integrity": "sha1-L1c9hcaiQon/AGY7SRwdM4/zRYo="
    },
    "lodash.isarray": {
      "version": "3.0.4",
      "resolved": "https://registry.npmjs.org/lodash.isarray/-/lodash.isarray-3.0.4.tgz",
      "integrity": "sha1-eeTriMNqgSKvhvhEqpvNhRtfu1U="
    },
    "lodash.isplainobject": {
      "version": "3.2.0",
      "resolved": "https://registry.npmjs.org/lodash.isplainobject/-/lodash.isplainobject-3.2.0.tgz",
      "integrity": "sha1-moI4rhayAEMpYM1zRlEtASP79MU=",
      "requires": {
        "lodash._basefor": "^3.0.0",
        "lodash.isarguments": "^3.0.0",
        "lodash.keysin": "^3.0.0"
      }
    },
    "lodash.istypedarray": {
      "version": "3.0.6",
      "resolved": "https://registry.npmjs.org/lodash.istypedarray/-/lodash.istypedarray-3.0.6.tgz",
      "integrity": "sha1-yaR3SYYHUB2OhJTSg7h8OSgc72I="
    },
    "lodash.keys": {
      "version": "3.1.2",
      "resolved": "https://registry.npmjs.org/lodash.keys/-/lodash.keys-3.1.2.tgz",
      "integrity": "sha1-TbwEcrFWvlCgsoaFXRvQsMZWCYo=",
      "requires": {
        "lodash._getnative": "^3.0.0",
        "lodash.isarguments": "^3.0.0",
        "lodash.isarray": "^3.0.0"
      }
    },
    "lodash.keysin": {
      "version": "3.0.8",
      "resolved": "https://registry.npmjs.org/lodash.keysin/-/lodash.keysin-3.0.8.tgz",
      "integrity": "sha1-IsRJPrvtsUJ5YqVLRFssinZ/tH8=",
      "requires": {
        "lodash.isarguments": "^3.0.0",
        "lodash.isarray": "^3.0.0"
      }
    },
    "lodash.merge": {
      "version": "3.3.2",
      "resolved": "https://registry.npmjs.org/lodash.merge/-/lodash.merge-3.3.2.tgz",
      "integrity": "sha1-DZDZPtY3sYeEN7s+IWASYNev6ZQ=",
      "requires": {
        "lodash._arraycopy": "^3.0.0",
        "lodash._arrayeach": "^3.0.0",
        "lodash._createassigner": "^3.0.0",
        "lodash._getnative": "^3.0.0",
        "lodash.isarguments": "^3.0.0",
        "lodash.isarray": "^3.0.0",
        "lodash.isplainobject": "^3.0.0",
        "lodash.istypedarray": "^3.0.0",
        "lodash.keys": "^3.0.0",
        "lodash.keysin": "^3.0.0",
        "lodash.toplainobject": "^3.0.0"
      }
    },
    "lodash.restparam": {
      "version": "3.6.1",
      "resolved": "https://registry.npmjs.org/lodash.restparam/-/lodash.restparam-3.6.1.tgz",
      "integrity": "sha1-k2pOMJ7zMKdkXtQUWYbIWuWyCAU="
    },
    "lodash.toplainobject": {
      "version": "3.0.0",
      "resolved": "https://registry.npmjs.org/lodash.toplainobject/-/lodash.toplainobject-3.0.0.tgz",
      "integrity": "sha1-KHkK2ULSk9eKpmOgfs9/UsoEGY0=",
      "requires": {
        "lodash._basecopy": "^3.0.0",
        "lodash.keysin": "^3.0.0"
      }
    },
    "mesh-reindex": {
      "version": "1.0.0",
      "resolved": "https://registry.npmjs.org/mesh-reindex/-/mesh-reindex-1.0.0.tgz",
      "integrity": "sha1-jOkVs/+ze+uFRQzCvoEBv4BjSV4="
    },
    "ndarray": {
      "version": "1.0.18",
      "resolved": "https://registry.npmjs.org/ndarray/-/ndarray-1.0.18.tgz",
      "integrity": "sha1-tg06cyJOxVXQ+qeXEeUCRI/T95M=",
      "requires": {
        "iota-array": "^1.0.0",
        "is-buffer": "^1.0.2"
      }
    },
    "normals": {
      "version": "1.1.0",
      "resolved": "https://registry.npmjs.org/normals/-/normals-1.1.0.tgz",
      "integrity": "sha1-MltZXtNK/kZ6bFWhT9kIV4f/WcA="
    },
    "parse-obj": {
      "version": "0.0.0",
      "resolved": "https://registry.npmjs.org/parse-obj/-/parse-obj-0.0.0.tgz",
      "integrity": "sha1-yYyLxHkP0Mo6YaWuX/ixwlMt6oY=",
      "requires": {
        "split": "~0.2.10"
      }
    },
    "regl": {
      "version": "1.3.7",
      "resolved": "https://registry.npmjs.org/regl/-/regl-1.3.7.tgz",
      "integrity": "sha512-Uf005fU6C+VsYomGEOtDhpn6aiisljsJEG6CoGTgNnV5W28hDNDR3Xw9scAkx9X1JoZ/otYODztVWZpQNyJWcA=="
    },
    "snowden": {
      "version": "1.0.1",
      "resolved": "https://registry.npmjs.org/snowden/-/snowden-1.0.1.tgz",
      "integrity": "sha1-7shuND+2sY82vTBdMzXnd3BKKpQ=",
      "requires": {
        "parse-obj": "0.0.0"
      }
    },
    "split": {
      "version": "0.2.10",
      "resolved": "http://registry.npmjs.org/split/-/split-0.2.10.tgz",
      "integrity": "sha1-Zwl8YB1pfOE2j0GPBs0gHPBSGlc=",
      "requires": {
        "through": "2"
      }
    },
    "through": {
      "version": "2.3.8",
      "resolved": "http://registry.npmjs.org/through/-/through-2.3.8.tgz",
      "integrity": "sha1-DdTJ/6q8NXlgsbckEV1+Doai4fU="
    },
    "vertices-bounding-box": {
      "version": "1.0.0",
      "resolved": "https://registry.npmjs.org/vertices-bounding-box/-/vertices-bounding-box-1.0.0.tgz",
      "integrity": "sha1-h3Qqkbqrvs511GU0vreNIhzCryg="
    }
  }
}
