{
  "name": "@gltf-transform/core",
  "version": "1.0.0",
  "lockfileVersion": 2,
  "requires": true,
  "packages": {
    "": {
      "name": "@gltf-transform/core",
      "version": "1.0.0",
      "license": "MIT",
      "dependencies": {
        "gl-matrix": "~3.3.0"
      }
    },
    "node_modules/gl-matrix": {
      "version": "3.3.0",
      "resolved": "https://registry.npmjs.org/gl-matrix/-/gl-matrix-3.3.0.tgz",
      "integrity": "sha512-COb7LDz+SXaHtl/h4LeaFcNdJdAQSDeVqjiIihSXNrkWObZLhDI4hIkZC11Aeqp7bcE72clzB0BnDXr2SmslRA=="
    }
  },
  "dependencies": {
    "gl-matrix": {
      "version": "3.3.0",
      "resolved": "https://registry.npmjs.org/gl-matrix/-/gl-matrix-3.3.0.tgz",
      "integrity": "sha512-COb7LDz+SXaHtl/h4LeaFcNdJdAQSDeVqjiIihSXNrkWObZLhDI4hIkZC11Aeqp7bcE72clzB0BnDXr2SmslRA=="
    }
  }
}
