{
  "version": "2",
  "remote": {
    "https://deno.land/std@0.178.0/fmt/colors.ts": "938c5d44d889fb82eff6c358bea8baa7e85950a16c9f6dae3ec3a7a729164471",
    "https://deno.land/std@0.178.0/testing/_diff.ts": "1a3c044aedf77647d6cac86b798c6417603361b66b54c53331b312caeb447aea",
    "https://deno.land/std@0.178.0/testing/_format.ts": "a69126e8a469009adf4cf2a50af889aca364c349797e63174884a52ff75cf4c7",
    "https://deno.land/std@0.178.0/testing/asserts.ts": "984ab0bfb3faeed92ffaa3a6b06536c66811185328c5dd146257c702c41b01ab"
  },
  "npm": {
    "specifiers": {
      "@types/node": "@types/node@18.11.18",
      "ktx-parse": "ktx-parse@0.5.0",
      "property-graph": "property-graph@1.1.0"
    },
    "packages": {
      "@types/node@18.11.18": {
        "integrity": "sha512-DHQpWGjyQKSHj3ebjFI/wRKcqQcdR+MoFBygntYOZytCqNfkd2ZC4ARDJ2DQqhjH5p85Nnd3jhUJIXrszFX/JA==",
        "dependencies": {}
      },
      "ktx-parse@0.5.0": {
        "integrity": "sha512-5IZrv5s1byUeDTIee1jjJQBiD5LPDB0w9pJJ0oT9BCKKJf16Tuj123vm1Ps0GOHSHmeWPgKM0zuViCVuTRpqaA==",
        "dependencies": {}
      },
      "property-graph@1.1.0": {
        "integrity": "sha512-zaS0ktlJ4TDS0fnlQyFw+YgRzhhvjJISq4OjS7glBuB5FtSIpqvzrr5E2yz7QcuiEfLO/OLgDvxCpwOEV78k7Q==",
        "dependencies": {}
      }
    }
  }
}
